// !$*UTF8*$!
{
	archiveVersion = 1;
	classes = {
	};
	objectVersion = 55;
	objects = {

/* Begin PBXBuildFile section */
		638420982446B18965EA78B6 /* Pods_WPRK_iOS.framework in Frameworks */ = {isa = PBXBuildFile; fileRef = 04211E18AC96ABC55D91E0FA /* Pods_WPRK_iOS.framework */; };
		8112C0EC27CAE867004319EE /* Launch Screen.storyboard in Resources */ = {isa = PBXBuildFile; fileRef = 8112C0EB27CAE867004319EE /* Launch Screen.storyboard */; };
		8112C0EE27CAECE8004319EE /* PodcastViewModel.swift in Sources */ = {isa = PBXBuildFile; fileRef = 8112C0ED27CAECE8004319EE /* PodcastViewModel.swift */; };
		81635F8227F65D6B00650F7D /* SDWebImageSwiftUI in Frameworks */ = {isa = PBXBuildFile; productRef = 81635F8127F65D6B00650F7D /* SDWebImageSwiftUI */; };
		81721BE627AE264F00C86F65 /* WPRK_iOSApp.swift in Sources */ = {isa = PBXBuildFile; fileRef = 81721BE527AE264F00C86F65 /* WPRK_iOSApp.swift */; };
		81721BED27AE265000C86F65 /* Preview Assets.xcassets in Resources */ = {isa = PBXBuildFile; fileRef = 81721BEC27AE265000C86F65 /* Preview Assets.xcassets */; };
		81721BF427AE269C00C86F65 /* Assets.xcassets in Resources */ = {isa = PBXBuildFile; fileRef = 81721BF327AE269C00C86F65 /* Assets.xcassets */; };
		81721C2427AE26BE00C86F65 /* View+Swift.swift in Sources */ = {isa = PBXBuildFile; fileRef = 81721BF927AE26BE00C86F65 /* View+Swift.swift */; };
		81721C2527AE26BE00C86F65 /* Date+Swift.swift in Sources */ = {isa = PBXBuildFile; fileRef = 81721BFA27AE26BE00C86F65 /* Date+Swift.swift */; };
		81721C2627AE26BE00C86F65 /* Color+Swift.swift in Sources */ = {isa = PBXBuildFile; fileRef = 81721BFB27AE26BE00C86F65 /* Color+Swift.swift */; };
		81721C2727AE26BE00C86F65 /* noConnection.json in Resources */ = {isa = PBXBuildFile; fileRef = 81721BFD27AE26BE00C86F65 /* noConnection.json */; };
		81721C2827AE26BE00C86F65 /* Constants.swift in Sources */ = {isa = PBXBuildFile; fileRef = 81721BFF27AE26BE00C86F65 /* Constants.swift */; };
		81721C2927AE26BE00C86F65 /* DeviceSizes.swift in Sources */ = {isa = PBXBuildFile; fileRef = 81721C0027AE26BE00C86F65 /* DeviceSizes.swift */; };
		81721C2A27AE26BE00C86F65 /* NetworkService.swift in Sources */ = {isa = PBXBuildFile; fileRef = 81721C0127AE26BE00C86F65 /* NetworkService.swift */; };
		81721C2B27AE26BE00C86F65 /* RadioStreamer.swift in Sources */ = {isa = PBXBuildFile; fileRef = 81721C0227AE26BE00C86F65 /* RadioStreamer.swift */; };
		81721C2C27AE26BE00C86F65 /* StoreAppReviewRequest..swift in Sources */ = {isa = PBXBuildFile; fileRef = 81721C0327AE26BE00C86F65 /* StoreAppReviewRequest..swift */; };
		81721C2D27AE26BE00C86F65 /* BusinessDeal.swift in Sources */ = {isa = PBXBuildFile; fileRef = 81721C0627AE26BE00C86F65 /* BusinessDeal.swift */; };
		81721C2E27AE26BE00C86F65 /* Podcasts.swift in Sources */ = {isa = PBXBuildFile; fileRef = 81721C0727AE26BE00C86F65 /* Podcasts.swift */; };
		81721C2F27AE26BE00C86F65 /* Shows.swift in Sources */ = {isa = PBXBuildFile; fileRef = 81721C0827AE26BE00C86F65 /* Shows.swift */; };
		81721C3027AE26BE00C86F65 /* Episodes.swift in Sources */ = {isa = PBXBuildFile; fileRef = 81721C0927AE26BE00C86F65 /* Episodes.swift */; };
		81721C3127AE26BE00C86F65 /* ContentView.swift in Sources */ = {isa = PBXBuildFile; fileRef = 81721C0A27AE26BE00C86F65 /* ContentView.swift */; };
		81721C3327AE26BE00C86F65 /* TabBar.swift in Sources */ = {isa = PBXBuildFile; fileRef = 81721C0E27AE26BE00C86F65 /* TabBar.swift */; };
		81721C3427AE26BE00C86F65 /* ContentWrapper.swift in Sources */ = {isa = PBXBuildFile; fileRef = 81721C0F27AE26BE00C86F65 /* ContentWrapper.swift */; };
		81721C3527AE26BE00C86F65 /* ConnectivityWrapper.swift in Sources */ = {isa = PBXBuildFile; fileRef = 81721C1027AE26BE00C86F65 /* ConnectivityWrapper.swift */; };
		81721C3627AE26BE00C86F65 /* NavBar.swift in Sources */ = {isa = PBXBuildFile; fileRef = 81721C1127AE26BE00C86F65 /* NavBar.swift */; };
		81721C3727AE26BE00C86F65 /* MenuView.swift in Sources */ = {isa = PBXBuildFile; fileRef = 81721C1227AE26BE00C86F65 /* MenuView.swift */; };
		81721C3827AE26BE00C86F65 /* PodcastDetail.swift in Sources */ = {isa = PBXBuildFile; fileRef = 81721C1427AE26BE00C86F65 /* PodcastDetail.swift */; };
		81721C3927AE26BE00C86F65 /* PodcastHome.swift in Sources */ = {isa = PBXBuildFile; fileRef = 81721C1527AE26BE00C86F65 /* PodcastHome.swift */; };
		81721C3A27AE26BE00C86F65 /* LiveButton.swift in Sources */ = {isa = PBXBuildFile; fileRef = 81721C1727AE26BE00C86F65 /* LiveButton.swift */; };
		81721C3B27AE26BE00C86F65 /* LottieView.swift in Sources */ = {isa = PBXBuildFile; fileRef = 81721C1827AE26BE00C86F65 /* LottieView.swift */; };
		81721C3C27AE26BE00C86F65 /* ContentRow.swift in Sources */ = {isa = PBXBuildFile; fileRef = 81721C1927AE26BE00C86F65 /* ContentRow.swift */; };
		81721C3D27AE26BE00C86F65 /* PlayerView.swift in Sources */ = {isa = PBXBuildFile; fileRef = 81721C1A27AE26BE00C86F65 /* PlayerView.swift */; };
		81721C3E27AE26BE00C86F65 /* MarqueeText.swift in Sources */ = {isa = PBXBuildFile; fileRef = 81721C1B27AE26BE00C86F65 /* MarqueeText.swift */; };
		81721C3F27AE26BE00C86F65 /* ShowHome.swift in Sources */ = {isa = PBXBuildFile; fileRef = 81721C1D27AE26BE00C86F65 /* ShowHome.swift */; };
		81721C4027AE26BE00C86F65 /* ShowDetail.swift in Sources */ = {isa = PBXBuildFile; fileRef = 81721C1E27AE26BE00C86F65 /* ShowDetail.swift */; };
		81721C4127AE26BE00C86F65 /* ShowViewModel.swift in Sources */ = {isa = PBXBuildFile; fileRef = 81721C1F27AE26BE00C86F65 /* ShowViewModel.swift */; };
		81721C4227AE26BE00C86F65 /* MembershipHome.swift in Sources */ = {isa = PBXBuildFile; fileRef = 81721C2127AE26BE00C86F65 /* MembershipHome.swift */; };
		81721C4327AE26BE00C86F65 /* ContentAPI.swift in Sources */ = {isa = PBXBuildFile; fileRef = 81721C2327AE26BE00C86F65 /* ContentAPI.swift */; };
		81721C4627AE273C00C86F65 /* Lottie in Frameworks */ = {isa = PBXBuildFile; productRef = 81721C4527AE273C00C86F65 /* Lottie */; };
		81C5EC6D27AE7ACB0088C8DB /* GoogleService-Info.plist in Resources */ = {isa = PBXBuildFile; fileRef = 81C5EC6C27AE7ACB0088C8DB /* GoogleService-Info.plist */; };
		81C9E37627C7F430000E7A06 /* FirebaseAnalytics in Frameworks */ = {isa = PBXBuildFile; productRef = 81C9E37527C7F430000E7A06 /* FirebaseAnalytics */; };
		81C9E37827C7F430000E7A06 /* FirebaseAuth in Frameworks */ = {isa = PBXBuildFile; productRef = 81C9E37727C7F430000E7A06 /* FirebaseAuth */; };
/* End PBXBuildFile section */

/* Begin PBXFileReference section */
		04211E18AC96ABC55D91E0FA /* Pods_WPRK_iOS.framework */ = {isa = PBXFileReference; explicitFileType = wrapper.framework; includeInIndex = 0; path = Pods_WPRK_iOS.framework; sourceTree = BUILT_PRODUCTS_DIR; };
		8112C0EB27CAE867004319EE /* Launch Screen.storyboard */ = {isa = PBXFileReference; lastKnownFileType = file.storyboard; path = "Launch Screen.storyboard"; sourceTree = "<group>"; };
		8112C0ED27CAECE8004319EE /* PodcastViewModel.swift */ = {isa = PBXFileReference; lastKnownFileType = sourcecode.swift; path = PodcastViewModel.swift; sourceTree = "<group>"; };
		811357CE27AF4A65003B7234 /* Info.plist */ = {isa = PBXFileReference; lastKnownFileType = text.plist; path = Info.plist; sourceTree = "<group>"; };
		81635F8727F6A7F500650F7D /* WPRK-iOS.entitlements */ = {isa = PBXFileReference; lastKnownFileType = text.plist.entitlements; path = "WPRK-iOS.entitlements"; sourceTree = "<group>"; };
		81721BE227AE264F00C86F65 /* WPRK.app */ = {isa = PBXFileReference; explicitFileType = wrapper.application; includeInIndex = 0; path = WPRK.app; sourceTree = BUILT_PRODUCTS_DIR; };
		81721BE527AE264F00C86F65 /* WPRK_iOSApp.swift */ = {isa = PBXFileReference; lastKnownFileType = sourcecode.swift; path = WPRK_iOSApp.swift; sourceTree = "<group>"; };
		81721BEC27AE265000C86F65 /* Preview Assets.xcassets */ = {isa = PBXFileReference; lastKnownFileType = folder.assetcatalog; path = "Preview Assets.xcassets"; sourceTree = "<group>"; };
		81721BF327AE269C00C86F65 /* Assets.xcassets */ = {isa = PBXFileReference; lastKnownFileType = folder.assetcatalog; path = Assets.xcassets; sourceTree = "<group>"; };
		81721BF927AE26BE00C86F65 /* View+Swift.swift */ = {isa = PBXFileReference; fileEncoding = 4; lastKnownFileType = sourcecode.swift; path = "View+Swift.swift"; sourceTree = "<group>"; };
		81721BFA27AE26BE00C86F65 /* Date+Swift.swift */ = {isa = PBXFileReference; fileEncoding = 4; lastKnownFileType = sourcecode.swift; path = "Date+Swift.swift"; sourceTree = "<group>"; };
		81721BFB27AE26BE00C86F65 /* Color+Swift.swift */ = {isa = PBXFileReference; fileEncoding = 4; lastKnownFileType = sourcecode.swift; path = "Color+Swift.swift"; sourceTree = "<group>"; };
		81721BFD27AE26BE00C86F65 /* noConnection.json */ = {isa = PBXFileReference; fileEncoding = 4; lastKnownFileType = text.json; path = noConnection.json; sourceTree = "<group>"; };
		81721BFF27AE26BE00C86F65 /* Constants.swift */ = {isa = PBXFileReference; fileEncoding = 4; lastKnownFileType = sourcecode.swift; path = Constants.swift; sourceTree = "<group>"; };
		81721C0027AE26BE00C86F65 /* DeviceSizes.swift */ = {isa = PBXFileReference; fileEncoding = 4; lastKnownFileType = sourcecode.swift; path = DeviceSizes.swift; sourceTree = "<group>"; };
		81721C0127AE26BE00C86F65 /* NetworkService.swift */ = {isa = PBXFileReference; fileEncoding = 4; lastKnownFileType = sourcecode.swift; path = NetworkService.swift; sourceTree = "<group>"; };
		81721C0227AE26BE00C86F65 /* RadioStreamer.swift */ = {isa = PBXFileReference; fileEncoding = 4; lastKnownFileType = sourcecode.swift; path = RadioStreamer.swift; sourceTree = "<group>"; };
		81721C0327AE26BE00C86F65 /* StoreAppReviewRequest..swift */ = {isa = PBXFileReference; fileEncoding = 4; lastKnownFileType = sourcecode.swift; path = StoreAppReviewRequest..swift; sourceTree = "<group>"; };
		81721C0627AE26BE00C86F65 /* BusinessDeal.swift */ = {isa = PBXFileReference; fileEncoding = 4; lastKnownFileType = sourcecode.swift; path = BusinessDeal.swift; sourceTree = "<group>"; };
		81721C0727AE26BE00C86F65 /* Podcasts.swift */ = {isa = PBXFileReference; fileEncoding = 4; lastKnownFileType = sourcecode.swift; path = Podcasts.swift; sourceTree = "<group>"; };
		81721C0827AE26BE00C86F65 /* Shows.swift */ = {isa = PBXFileReference; fileEncoding = 4; lastKnownFileType = sourcecode.swift; path = Shows.swift; sourceTree = "<group>"; };
		81721C0927AE26BE00C86F65 /* Episodes.swift */ = {isa = PBXFileReference; fileEncoding = 4; lastKnownFileType = sourcecode.swift; path = Episodes.swift; sourceTree = "<group>"; };
		81721C0A27AE26BE00C86F65 /* ContentView.swift */ = {isa = PBXFileReference; fileEncoding = 4; lastKnownFileType = sourcecode.swift; path = ContentView.swift; sourceTree = "<group>"; };
		81721C0E27AE26BE00C86F65 /* TabBar.swift */ = {isa = PBXFileReference; fileEncoding = 4; lastKnownFileType = sourcecode.swift; path = TabBar.swift; sourceTree = "<group>"; };
		81721C0F27AE26BE00C86F65 /* ContentWrapper.swift */ = {isa = PBXFileReference; fileEncoding = 4; lastKnownFileType = sourcecode.swift; path = ContentWrapper.swift; sourceTree = "<group>"; };
		81721C1027AE26BE00C86F65 /* ConnectivityWrapper.swift */ = {isa = PBXFileReference; fileEncoding = 4; lastKnownFileType = sourcecode.swift; path = ConnectivityWrapper.swift; sourceTree = "<group>"; };
		81721C1127AE26BE00C86F65 /* NavBar.swift */ = {isa = PBXFileReference; fileEncoding = 4; lastKnownFileType = sourcecode.swift; path = NavBar.swift; sourceTree = "<group>"; };
		81721C1227AE26BE00C86F65 /* MenuView.swift */ = {isa = PBXFileReference; fileEncoding = 4; lastKnownFileType = sourcecode.swift; path = MenuView.swift; sourceTree = "<group>"; };
		81721C1427AE26BE00C86F65 /* PodcastDetail.swift */ = {isa = PBXFileReference; fileEncoding = 4; lastKnownFileType = sourcecode.swift; path = PodcastDetail.swift; sourceTree = "<group>"; };
		81721C1527AE26BE00C86F65 /* PodcastHome.swift */ = {isa = PBXFileReference; fileEncoding = 4; lastKnownFileType = sourcecode.swift; path = PodcastHome.swift; sourceTree = "<group>"; };
		81721C1727AE26BE00C86F65 /* LiveButton.swift */ = {isa = PBXFileReference; fileEncoding = 4; lastKnownFileType = sourcecode.swift; path = LiveButton.swift; sourceTree = "<group>"; };
		81721C1827AE26BE00C86F65 /* LottieView.swift */ = {isa = PBXFileReference; fileEncoding = 4; lastKnownFileType = sourcecode.swift; path = LottieView.swift; sourceTree = "<group>"; };
		81721C1927AE26BE00C86F65 /* ContentRow.swift */ = {isa = PBXFileReference; fileEncoding = 4; lastKnownFileType = sourcecode.swift; path = ContentRow.swift; sourceTree = "<group>"; };
		81721C1A27AE26BE00C86F65 /* PlayerView.swift */ = {isa = PBXFileReference; fileEncoding = 4; lastKnownFileType = sourcecode.swift; path = PlayerView.swift; sourceTree = "<group>"; };
		81721C1B27AE26BE00C86F65 /* MarqueeText.swift */ = {isa = PBXFileReference; fileEncoding = 4; lastKnownFileType = sourcecode.swift; path = MarqueeText.swift; sourceTree = "<group>"; };
		81721C1D27AE26BE00C86F65 /* ShowHome.swift */ = {isa = PBXFileReference; fileEncoding = 4; lastKnownFileType = sourcecode.swift; path = ShowHome.swift; sourceTree = "<group>"; };
		81721C1E27AE26BE00C86F65 /* ShowDetail.swift */ = {isa = PBXFileReference; fileEncoding = 4; lastKnownFileType = sourcecode.swift; path = ShowDetail.swift; sourceTree = "<group>"; };
		81721C1F27AE26BE00C86F65 /* ShowViewModel.swift */ = {isa = PBXFileReference; fileEncoding = 4; lastKnownFileType = sourcecode.swift; path = ShowViewModel.swift; sourceTree = "<group>"; };
		81721C2127AE26BE00C86F65 /* MembershipHome.swift */ = {isa = PBXFileReference; fileEncoding = 4; lastKnownFileType = sourcecode.swift; path = MembershipHome.swift; sourceTree = "<group>"; };
		81721C2327AE26BE00C86F65 /* ContentAPI.swift */ = {isa = PBXFileReference; fileEncoding = 4; lastKnownFileType = sourcecode.swift; path = ContentAPI.swift; sourceTree = "<group>"; };
		81C5EC6C27AE7ACB0088C8DB /* GoogleService-Info.plist */ = {isa = PBXFileReference; fileEncoding = 4; lastKnownFileType = text.plist.xml; path = "GoogleService-Info.plist"; sourceTree = "<group>"; };
		84A1F8D731A6122DAF479EB7 /* Pods-WPRK-iOS.debug.xcconfig */ = {isa = PBXFileReference; includeInIndex = 1; lastKnownFileType = text.xcconfig; name = "Pods-WPRK-iOS.debug.xcconfig"; path = "Target Support Files/Pods-WPRK-iOS/Pods-WPRK-iOS.debug.xcconfig"; sourceTree = "<group>"; };
		ABDE65DDFBF9A162C5CE6A33 /* Pods-WPRK-iOS.release.xcconfig */ = {isa = PBXFileReference; includeInIndex = 1; lastKnownFileType = text.xcconfig; name = "Pods-WPRK-iOS.release.xcconfig"; path = "Target Support Files/Pods-WPRK-iOS/Pods-WPRK-iOS.release.xcconfig"; sourceTree = "<group>"; };
/* End PBXFileReference section */

/* Begin PBXFrameworksBuildPhase section */
		81721BDF27AE264F00C86F65 /* Frameworks */ = {
			isa = PBXFrameworksBuildPhase;
			buildActionMask = 2147483647;
			files = (
				81635F8227F65D6B00650F7D /* SDWebImageSwiftUI in Frameworks */,
				81C9E37827C7F430000E7A06 /* FirebaseAuth in Frameworks */,
				81721C4627AE273C00C86F65 /* Lottie in Frameworks */,
				81C9E37627C7F430000E7A06 /* FirebaseAnalytics in Frameworks */,
				638420982446B18965EA78B6 /* Pods_WPRK_iOS.framework in Frameworks */,
			);
			runOnlyForDeploymentPostprocessing = 0;
		};
/* End PBXFrameworksBuildPhase section */

/* Begin PBXGroup section */
		043C0BCCE4A0DAD0AED01315 /* Frameworks */ = {
			isa = PBXGroup;
			children = (
				04211E18AC96ABC55D91E0FA /* Pods_WPRK_iOS.framework */,
			);
			name = Frameworks;
			sourceTree = "<group>";
		};
		207744821D3F2E12E2DF875F /* Pods */ = {
			isa = PBXGroup;
			children = (
				84A1F8D731A6122DAF479EB7 /* Pods-WPRK-iOS.debug.xcconfig */,
				ABDE65DDFBF9A162C5CE6A33 /* Pods-WPRK-iOS.release.xcconfig */,
			);
			path = Pods;
			sourceTree = "<group>";
		};
		81721BD927AE264F00C86F65 = {
			isa = PBXGroup;
			children = (
				81721BE427AE264F00C86F65 /* WPRK-iOS */,
				81721BE327AE264F00C86F65 /* Products */,
				207744821D3F2E12E2DF875F /* Pods */,
				043C0BCCE4A0DAD0AED01315 /* Frameworks */,
			);
			sourceTree = "<group>";
		};
		81721BE327AE264F00C86F65 /* Products */ = {
			isa = PBXGroup;
			children = (
				81721BE227AE264F00C86F65 /* WPRK.app */,
			);
			name = Products;
			sourceTree = "<group>";
		};
		81721BE427AE264F00C86F65 /* WPRK-iOS */ = {
			isa = PBXGroup;
			children = (
				81635F8727F6A7F500650F7D /* WPRK-iOS.entitlements */,
				811357CE27AF4A65003B7234 /* Info.plist */,
				81C5EC6C27AE7ACB0088C8DB /* GoogleService-Info.plist */,
				81721BF627AE26BE00C86F65 /* Domain */,
				81721BF327AE269C00C86F65 /* Assets.xcassets */,
				81721BEB27AE265000C86F65 /* Preview Content */,
			);
			path = "WPRK-iOS";
			sourceTree = "<group>";
		};
		81721BEB27AE265000C86F65 /* Preview Content */ = {
			isa = PBXGroup;
			children = (
				81721BEC27AE265000C86F65 /* Preview Assets.xcassets */,
			);
			path = "Preview Content";
			sourceTree = "<group>";
		};
		81721BF627AE26BE00C86F65 /* Domain */ = {
			isa = PBXGroup;
			children = (
				81721BF727AE26BE00C86F65 /* Core */,
				81721C2227AE26BE00C86F65 /* Remote */,
				81721C0427AE26BE00C86F65 /* Main */,
				81721C0C27AE26BE00C86F65 /* Presentation */,
				8112C0EB27CAE867004319EE /* Launch Screen.storyboard */,
			);
			path = Domain;
			sourceTree = "<group>";
		};
		81721BF727AE26BE00C86F65 /* Core */ = {
			isa = PBXGroup;
			children = (
				81721BF827AE26BE00C86F65 /* Exts */,
				81721BFC27AE26BE00C86F65 /* LottieAnimations */,
				81721BFE27AE26BE00C86F65 /* Utils */,
			);
			path = Core;
			sourceTree = "<group>";
		};
		81721BF827AE26BE00C86F65 /* Exts */ = {
			isa = PBXGroup;
			children = (
				81721BF927AE26BE00C86F65 /* View+Swift.swift */,
				81721BFA27AE26BE00C86F65 /* Date+Swift.swift */,
				81721BFB27AE26BE00C86F65 /* Color+Swift.swift */,
			);
			path = Exts;
			sourceTree = "<group>";
		};
		81721BFC27AE26BE00C86F65 /* LottieAnimations */ = {
			isa = PBXGroup;
			children = (
				81721BFD27AE26BE00C86F65 /* noConnection.json */,
			);
			path = LottieAnimations;
			sourceTree = "<group>";
		};
		81721BFE27AE26BE00C86F65 /* Utils */ = {
			isa = PBXGroup;
			children = (
				81721BFF27AE26BE00C86F65 /* Constants.swift */,
				81721C0027AE26BE00C86F65 /* DeviceSizes.swift */,
				81721C0127AE26BE00C86F65 /* NetworkService.swift */,
				81721C0327AE26BE00C86F65 /* StoreAppReviewRequest..swift */,
			);
			path = Utils;
			sourceTree = "<group>";
		};
		81721C0427AE26BE00C86F65 /* Main */ = {
			isa = PBXGroup;
			children = (
				81721C0227AE26BE00C86F65 /* RadioStreamer.swift */,
				81721C0527AE26BE00C86F65 /* Model */,
				81721C0A27AE26BE00C86F65 /* ContentView.swift */,
				81721BE527AE264F00C86F65 /* WPRK_iOSApp.swift */,
			);
			path = Main;
			sourceTree = "<group>";
		};
		81721C0527AE26BE00C86F65 /* Model */ = {
			isa = PBXGroup;
			children = (
				81721C0627AE26BE00C86F65 /* BusinessDeal.swift */,
				81721C0727AE26BE00C86F65 /* Podcasts.swift */,
				81721C0827AE26BE00C86F65 /* Shows.swift */,
				81721C0927AE26BE00C86F65 /* Episodes.swift */,
			);
			path = Model;
			sourceTree = "<group>";
		};
		81721C0C27AE26BE00C86F65 /* Presentation */ = {
			isa = PBXGroup;
			children = (
				81721C1327AE26BE00C86F65 /* Podcasts */,
				81721C1C27AE26BE00C86F65 /* Shows */,
				81721C2027AE26BE00C86F65 /* Membership */,
				81721C0D27AE26BE00C86F65 /* Navigation */,
				81721C1627AE26BE00C86F65 /* Components */,
			);
			path = Presentation;
			sourceTree = "<group>";
		};
		81721C0D27AE26BE00C86F65 /* Navigation */ = {
			isa = PBXGroup;
			children = (
				81721C0E27AE26BE00C86F65 /* TabBar.swift */,
				81721C0F27AE26BE00C86F65 /* ContentWrapper.swift */,
				81721C1027AE26BE00C86F65 /* ConnectivityWrapper.swift */,
				81721C1127AE26BE00C86F65 /* NavBar.swift */,
				81721C1227AE26BE00C86F65 /* MenuView.swift */,
			);
			path = Navigation;
			sourceTree = "<group>";
		};
		81721C1327AE26BE00C86F65 /* Podcasts */ = {
			isa = PBXGroup;
			children = (
				81721C1427AE26BE00C86F65 /* PodcastDetail.swift */,
				81721C1527AE26BE00C86F65 /* PodcastHome.swift */,
				8112C0ED27CAECE8004319EE /* PodcastViewModel.swift */,
			);
			path = Podcasts;
			sourceTree = "<group>";
		};
		81721C1627AE26BE00C86F65 /* Components */ = {
			isa = PBXGroup;
			children = (
				81721C1727AE26BE00C86F65 /* LiveButton.swift */,
				81721C1827AE26BE00C86F65 /* LottieView.swift */,
				81721C1927AE26BE00C86F65 /* ContentRow.swift */,
				81721C1A27AE26BE00C86F65 /* PlayerView.swift */,
				81721C1B27AE26BE00C86F65 /* MarqueeText.swift */,
			);
			path = Components;
			sourceTree = "<group>";
		};
		81721C1C27AE26BE00C86F65 /* Shows */ = {
			isa = PBXGroup;
			children = (
				81721C1D27AE26BE00C86F65 /* ShowHome.swift */,
				81721C1E27AE26BE00C86F65 /* ShowDetail.swift */,
				81721C1F27AE26BE00C86F65 /* ShowViewModel.swift */,
			);
			path = Shows;
			sourceTree = "<group>";
		};
		81721C2027AE26BE00C86F65 /* Membership */ = {
			isa = PBXGroup;
			children = (
				81721C2127AE26BE00C86F65 /* MembershipHome.swift */,
			);
			path = Membership;
			sourceTree = "<group>";
		};
		81721C2227AE26BE00C86F65 /* Remote */ = {
			isa = PBXGroup;
			children = (
				81721C2327AE26BE00C86F65 /* ContentAPI.swift */,
			);
			path = Remote;
			sourceTree = "<group>";
		};
/* End PBXGroup section */

/* Begin PBXNativeTarget section */
		81721BE127AE264F00C86F65 /* WPRK-iOS */ = {
			isa = PBXNativeTarget;
			buildConfigurationList = 81721BF027AE265000C86F65 /* Build configuration list for PBXNativeTarget "WPRK-iOS" */;
			buildPhases = (
				A225F75443864861A0E66B62 /* [CP] Check Pods Manifest.lock */,
				81721BDE27AE264F00C86F65 /* Sources */,
				81721BDF27AE264F00C86F65 /* Frameworks */,
				81721BE027AE264F00C86F65 /* Resources */,
			);
			buildRules = (
			);
			dependencies = (
			);
			name = "WPRK-iOS";
			packageProductDependencies = (
				81721C4527AE273C00C86F65 /* Lottie */,
				81C9E37527C7F430000E7A06 /* FirebaseAnalytics */,
				81C9E37727C7F430000E7A06 /* FirebaseAuth */,
				81635F8127F65D6B00650F7D /* SDWebImageSwiftUI */,
			);
			productName = "WPRK-iOS";
			productReference = 81721BE227AE264F00C86F65 /* WPRK.app */;
			productType = "com.apple.product-type.application";
		};
/* End PBXNativeTarget section */

/* Begin PBXProject section */
		81721BDA27AE264F00C86F65 /* Project object */ = {
			isa = PBXProject;
			attributes = {
				BuildIndependentTargetsInParallel = 1;
				LastSwiftUpdateCheck = 1320;
				LastUpgradeCheck = 1320;
				TargetAttributes = {
					81721BE127AE264F00C86F65 = {
						CreatedOnToolsVersion = 13.2.1;
					};
				};
			};
			buildConfigurationList = 81721BDD27AE264F00C86F65 /* Build configuration list for PBXProject "WPRK-iOS" */;
			compatibilityVersion = "Xcode 13.0";
			developmentRegion = en;
			hasScannedForEncodings = 0;
			knownRegions = (
				en,
				Base,
			);
			mainGroup = 81721BD927AE264F00C86F65;
			packageReferences = (
				81721C4427AE273C00C86F65 /* XCRemoteSwiftPackageReference "lottie-ios" */,
				81C9E37427C7F430000E7A06 /* XCRemoteSwiftPackageReference "firebase-ios-sdk" */,
				81635F8027F65D6A00650F7D /* XCRemoteSwiftPackageReference "SDWebImageSwiftUI" */,
			);
			productRefGroup = 81721BE327AE264F00C86F65 /* Products */;
			projectDirPath = "";
			projectRoot = "";
			targets = (
				81721BE127AE264F00C86F65 /* WPRK-iOS */,
			);
		};
/* End PBXProject section */

/* Begin PBXResourcesBuildPhase section */
		81721BE027AE264F00C86F65 /* Resources */ = {
			isa = PBXResourcesBuildPhase;
			buildActionMask = 2147483647;
			files = (
				81C5EC6D27AE7ACB0088C8DB /* GoogleService-Info.plist in Resources */,
				81721C2727AE26BE00C86F65 /* noConnection.json in Resources */,
				81721BF427AE269C00C86F65 /* Assets.xcassets in Resources */,
				8112C0EC27CAE867004319EE /* Launch Screen.storyboard in Resources */,
				81721BED27AE265000C86F65 /* Preview Assets.xcassets in Resources */,
			);
			runOnlyForDeploymentPostprocessing = 0;
		};
/* End PBXResourcesBuildPhase section */

/* Begin PBXShellScriptBuildPhase section */
		A225F75443864861A0E66B62 /* [CP] Check Pods Manifest.lock */ = {
			isa = PBXShellScriptBuildPhase;
			buildActionMask = 2147483647;
			files = (
			);
			inputFileListPaths = (
			);
			inputPaths = (
				"${PODS_PODFILE_DIR_PATH}/Podfile.lock",
				"${PODS_ROOT}/Manifest.lock",
			);
			name = "[CP] Check Pods Manifest.lock";
			outputFileListPaths = (
			);
			outputPaths = (
				"$(DERIVED_FILE_DIR)/Pods-WPRK-iOS-checkManifestLockResult.txt",
			);
			runOnlyForDeploymentPostprocessing = 0;
			shellPath = /bin/sh;
			shellScript = "diff \"${PODS_PODFILE_DIR_PATH}/Podfile.lock\" \"${PODS_ROOT}/Manifest.lock\" > /dev/null\nif [ $? != 0 ] ; then\n    # print error to STDERR\n    echo \"error: The sandbox is not in sync with the Podfile.lock. Run 'pod install' or update your CocoaPods installation.\" >&2\n    exit 1\nfi\n# This output is used by Xcode 'outputs' to avoid re-running this script phase.\necho \"SUCCESS\" > \"${SCRIPT_OUTPUT_FILE_0}\"\n";
			showEnvVarsInLog = 0;
		};
/* End PBXShellScriptBuildPhase section */

/* Begin PBXSourcesBuildPhase section */
		81721BDE27AE264F00C86F65 /* Sources */ = {
			isa = PBXSourcesBuildPhase;
			buildActionMask = 2147483647;
			files = (
				81721C3027AE26BE00C86F65 /* Episodes.swift in Sources */,
				81721C3B27AE26BE00C86F65 /* LottieView.swift in Sources */,
				81721C2927AE26BE00C86F65 /* DeviceSizes.swift in Sources */,
				81721C4227AE26BE00C86F65 /* MembershipHome.swift in Sources */,
				81721C3527AE26BE00C86F65 /* ConnectivityWrapper.swift in Sources */,
				81721C3E27AE26BE00C86F65 /* MarqueeText.swift in Sources */,
				81721C2C27AE26BE00C86F65 /* StoreAppReviewRequest..swift in Sources */,
				81721C3627AE26BE00C86F65 /* NavBar.swift in Sources */,
				81721C2A27AE26BE00C86F65 /* NetworkService.swift in Sources */,
				81721C3727AE26BE00C86F65 /* MenuView.swift in Sources */,
				81721C3427AE26BE00C86F65 /* ContentWrapper.swift in Sources */,
				8112C0EE27CAECE8004319EE /* PodcastViewModel.swift in Sources */,
				81721C2527AE26BE00C86F65 /* Date+Swift.swift in Sources */,
				81721C2D27AE26BE00C86F65 /* BusinessDeal.swift in Sources */,
				81721C3327AE26BE00C86F65 /* TabBar.swift in Sources */,
				81721BE627AE264F00C86F65 /* WPRK_iOSApp.swift in Sources */,
				81721C2627AE26BE00C86F65 /* Color+Swift.swift in Sources */,
				81721C2427AE26BE00C86F65 /* View+Swift.swift in Sources */,
				81721C2B27AE26BE00C86F65 /* RadioStreamer.swift in Sources */,
				81721C4327AE26BE00C86F65 /* ContentAPI.swift in Sources */,
				81721C3127AE26BE00C86F65 /* ContentView.swift in Sources */,
				81721C4027AE26BE00C86F65 /* ShowDetail.swift in Sources */,
				81721C3D27AE26BE00C86F65 /* PlayerView.swift in Sources */,
				81721C3C27AE26BE00C86F65 /* ContentRow.swift in Sources */,
				81721C3F27AE26BE00C86F65 /* ShowHome.swift in Sources */,
				81721C3827AE26BE00C86F65 /* PodcastDetail.swift in Sources */,
				81721C2E27AE26BE00C86F65 /* Podcasts.swift in Sources */,
				81721C3927AE26BE00C86F65 /* PodcastHome.swift in Sources */,
				81721C2827AE26BE00C86F65 /* Constants.swift in Sources */,
				81721C2F27AE26BE00C86F65 /* Shows.swift in Sources */,
				81721C3A27AE26BE00C86F65 /* LiveButton.swift in Sources */,
				81721C4127AE26BE00C86F65 /* ShowViewModel.swift in Sources */,
			);
			runOnlyForDeploymentPostprocessing = 0;
		};
/* End PBXSourcesBuildPhase section */

/* Begin XCBuildConfiguration section */
		81721BEE27AE265000C86F65 /* Debug */ = {
			isa = XCBuildConfiguration;
			buildSettings = {
				ALWAYS_SEARCH_USER_PATHS = NO;
				CLANG_ANALYZER_NONNULL = YES;
				CLANG_ANALYZER_NUMBER_OBJECT_CONVERSION = YES_AGGRESSIVE;
				CLANG_CXX_LANGUAGE_STANDARD = "gnu++17";
				CLANG_CXX_LIBRARY = "libc++";
				CLANG_ENABLE_MODULES = YES;
				CLANG_ENABLE_OBJC_ARC = YES;
				CLANG_ENABLE_OBJC_WEAK = YES;
				CLANG_WARN_BLOCK_CAPTURE_AUTORELEASING = YES;
				CLANG_WARN_BOOL_CONVERSION = YES;
				CLANG_WARN_COMMA = YES;
				CLANG_WARN_CONSTANT_CONVERSION = YES;
				CLANG_WARN_DEPRECATED_OBJC_IMPLEMENTATIONS = YES;
				CLANG_WARN_DIRECT_OBJC_ISA_USAGE = YES_ERROR;
				CLANG_WARN_DOCUMENTATION_COMMENTS = YES;
				CLANG_WARN_EMPTY_BODY = YES;
				CLANG_WARN_ENUM_CONVERSION = YES;
				CLANG_WARN_INFINITE_RECURSION = YES;
				CLANG_WARN_INT_CONVERSION = YES;
				CLANG_WARN_NON_LITERAL_NULL_CONVERSION = YES;
				CLANG_WARN_OBJC_IMPLICIT_RETAIN_SELF = YES;
				CLANG_WARN_OBJC_LITERAL_CONVERSION = YES;
				CLANG_WARN_OBJC_ROOT_CLASS = YES_ERROR;
				CLANG_WARN_QUOTED_INCLUDE_IN_FRAMEWORK_HEADER = YES;
				CLANG_WARN_RANGE_LOOP_ANALYSIS = YES;
				CLANG_WARN_STRICT_PROTOTYPES = YES;
				CLANG_WARN_SUSPICIOUS_MOVE = YES;
				CLANG_WARN_UNGUARDED_AVAILABILITY = YES_AGGRESSIVE;
				CLANG_WARN_UNREACHABLE_CODE = YES;
				CLANG_WARN__DUPLICATE_METHOD_MATCH = YES;
				COPY_PHASE_STRIP = NO;
				DEBUG_INFORMATION_FORMAT = dwarf;
				ENABLE_STRICT_OBJC_MSGSEND = YES;
				ENABLE_TESTABILITY = YES;
				GCC_C_LANGUAGE_STANDARD = gnu11;
				GCC_DYNAMIC_NO_PIC = NO;
				GCC_NO_COMMON_BLOCKS = YES;
				GCC_OPTIMIZATION_LEVEL = 0;
				GCC_PREPROCESSOR_DEFINITIONS = (
					"DEBUG=1",
					"$(inherited)",
				);
				GCC_WARN_64_TO_32_BIT_CONVERSION = YES;
				GCC_WARN_ABOUT_RETURN_TYPE = YES_ERROR;
				GCC_WARN_UNDECLARED_SELECTOR = YES;
				GCC_WARN_UNINITIALIZED_AUTOS = YES_AGGRESSIVE;
				GCC_WARN_UNUSED_FUNCTION = YES;
				GCC_WARN_UNUSED_VARIABLE = YES;
				IPHONEOS_DEPLOYMENT_TARGET = 15.2;
				MTL_ENABLE_DEBUG_INFO = INCLUDE_SOURCE;
				MTL_FAST_MATH = YES;
				ONLY_ACTIVE_ARCH = YES;
				SDKROOT = iphoneos;
				SWIFT_ACTIVE_COMPILATION_CONDITIONS = DEBUG;
				SWIFT_OPTIMIZATION_LEVEL = "-Onone";
			};
			name = Debug;
		};
		81721BEF27AE265000C86F65 /* Release */ = {
			isa = XCBuildConfiguration;
			buildSettings = {
				ALWAYS_SEARCH_USER_PATHS = NO;
				CLANG_ANALYZER_NONNULL = YES;
				CLANG_ANALYZER_NUMBER_OBJECT_CONVERSION = YES_AGGRESSIVE;
				CLANG_CXX_LANGUAGE_STANDARD = "gnu++17";
				CLANG_CXX_LIBRARY = "libc++";
				CLANG_ENABLE_MODULES = YES;
				CLANG_ENABLE_OBJC_ARC = YES;
				CLANG_ENABLE_OBJC_WEAK = YES;
				CLANG_WARN_BLOCK_CAPTURE_AUTORELEASING = YES;
				CLANG_WARN_BOOL_CONVERSION = YES;
				CLANG_WARN_COMMA = YES;
				CLANG_WARN_CONSTANT_CONVERSION = YES;
				CLANG_WARN_DEPRECATED_OBJC_IMPLEMENTATIONS = YES;
				CLANG_WARN_DIRECT_OBJC_ISA_USAGE = YES_ERROR;
				CLANG_WARN_DOCUMENTATION_COMMENTS = YES;
				CLANG_WARN_EMPTY_BODY = YES;
				CLANG_WARN_ENUM_CONVERSION = YES;
				CLANG_WARN_INFINITE_RECURSION = YES;
				CLANG_WARN_INT_CONVERSION = YES;
				CLANG_WARN_NON_LITERAL_NULL_CONVERSION = YES;
				CLANG_WARN_OBJC_IMPLICIT_RETAIN_SELF = YES;
				CLANG_WARN_OBJC_LITERAL_CONVERSION = YES;
				CLANG_WARN_OBJC_ROOT_CLASS = YES_ERROR;
				CLANG_WARN_QUOTED_INCLUDE_IN_FRAMEWORK_HEADER = YES;
				CLANG_WARN_RANGE_LOOP_ANALYSIS = YES;
				CLANG_WARN_STRICT_PROTOTYPES = YES;
				CLANG_WARN_SUSPICIOUS_MOVE = YES;
				CLANG_WARN_UNGUARDED_AVAILABILITY = YES_AGGRESSIVE;
				CLANG_WARN_UNREACHABLE_CODE = YES;
				CLANG_WARN__DUPLICATE_METHOD_MATCH = YES;
				COPY_PHASE_STRIP = NO;
				DEBUG_INFORMATION_FORMAT = "dwarf-with-dsym";
				ENABLE_NS_ASSERTIONS = NO;
				ENABLE_STRICT_OBJC_MSGSEND = YES;
				GCC_C_LANGUAGE_STANDARD = gnu11;
				GCC_NO_COMMON_BLOCKS = YES;
				GCC_WARN_64_TO_32_BIT_CONVERSION = YES;
				GCC_WARN_ABOUT_RETURN_TYPE = YES_ERROR;
				GCC_WARN_UNDECLARED_SELECTOR = YES;
				GCC_WARN_UNINITIALIZED_AUTOS = YES_AGGRESSIVE;
				GCC_WARN_UNUSED_FUNCTION = YES;
				GCC_WARN_UNUSED_VARIABLE = YES;
				IPHONEOS_DEPLOYMENT_TARGET = 15.2;
				MTL_ENABLE_DEBUG_INFO = NO;
				MTL_FAST_MATH = YES;
				SDKROOT = iphoneos;
				SWIFT_COMPILATION_MODE = wholemodule;
				SWIFT_OPTIMIZATION_LEVEL = "-O";
				VALIDATE_PRODUCT = YES;
			};
			name = Release;
		};
		81721BF127AE265000C86F65 /* Debug */ = {
			isa = XCBuildConfiguration;
			baseConfigurationReference = 84A1F8D731A6122DAF479EB7 /* Pods-WPRK-iOS.debug.xcconfig */;
			buildSettings = {
				ASSETCATALOG_COMPILER_APPICON_NAME = AppIcon;
				ASSETCATALOG_COMPILER_GLOBAL_ACCENT_COLOR_NAME = AccentColor;
				CODE_SIGN_ENTITLEMENTS = "WPRK-iOS/WPRK-iOS.entitlements";
				CODE_SIGN_STYLE = Automatic;
				CURRENT_PROJECT_VERSION = 1;
				DEVELOPMENT_ASSET_PATHS = "\"WPRK-iOS/Preview Content\"";
				DEVELOPMENT_TEAM = 2HB3YHCHVH;
				ENABLE_PREVIEWS = YES;
				EXCLUDED_ARCHS = "";
				GENERATE_INFOPLIST_FILE = YES;
				INFOPLIST_FILE = "WPRK-iOS/Info.plist";
				INFOPLIST_KEY_UIApplicationSupportsIndirectInputEvents = YES;
				INFOPLIST_KEY_UILaunchStoryboardName = "Launch Screen";
				INFOPLIST_KEY_UIRequiredDeviceCapabilities = armv7;
				INFOPLIST_KEY_UIRequiresFullScreen = YES;
				INFOPLIST_KEY_UISupportedInterfaceOrientations = "UIInterfaceOrientationPortrait UIInterfaceOrientationLandscapeLeft";
				INFOPLIST_KEY_UISupportedInterfaceOrientations_iPad = "UIInterfaceOrientationPortrait UIInterfaceOrientationPortraitUpsideDown UIInterfaceOrientationLandscapeLeft UIInterfaceOrientationLandscapeRight";
				INFOPLIST_KEY_UISupportedInterfaceOrientations_iPhone = "UIInterfaceOrientationPortrait UIInterfaceOrientationLandscapeLeft UIInterfaceOrientationLandscapeRight";
				INFOPLIST_KEY_UIUserInterfaceStyle = Dark;
				IPHONEOS_DEPLOYMENT_TARGET = 14.1;
				LD_RUNPATH_SEARCH_PATHS = (
					"$(inherited)",
					"@executable_path/Frameworks",
				);
				MARKETING_VERSION = 0.1.2;
				PRODUCT_BUNDLE_IDENTIFIER = com.mwaibanda.WPRK;
				PRODUCT_NAME = WPRK;
				SWIFT_EMIT_LOC_STRINGS = YES;
				SWIFT_VERSION = 5.0;
				TARGETED_DEVICE_FAMILY = "1,2";
			};
			name = Debug;
		};
		81721BF227AE265000C86F65 /* Release */ = {
			isa = XCBuildConfiguration;
			baseConfigurationReference = ABDE65DDFBF9A162C5CE6A33 /* Pods-WPRK-iOS.release.xcconfig */;
			buildSettings = {
				ASSETCATALOG_COMPILER_APPICON_NAME = AppIcon;
				ASSETCATALOG_COMPILER_GLOBAL_ACCENT_COLOR_NAME = AccentColor;
				CODE_SIGN_ENTITLEMENTS = "WPRK-iOS/WPRK-iOS.entitlements";
				CODE_SIGN_STYLE = Automatic;
				CURRENT_PROJECT_VERSION = 1;
				DEVELOPMENT_ASSET_PATHS = "\"WPRK-iOS/Preview Content\"";
				DEVELOPMENT_TEAM = 2HB3YHCHVH;
				ENABLE_PREVIEWS = YES;
				EXCLUDED_ARCHS = "";
				GENERATE_INFOPLIST_FILE = YES;
				INFOPLIST_FILE = "WPRK-iOS/Info.plist";
				INFOPLIST_KEY_UIApplicationSupportsIndirectInputEvents = YES;
				INFOPLIST_KEY_UILaunchStoryboardName = "Launch Screen";
				INFOPLIST_KEY_UIRequiredDeviceCapabilities = armv7;
				INFOPLIST_KEY_UIRequiresFullScreen = YES;
				INFOPLIST_KEY_UISupportedInterfaceOrientations = "UIInterfaceOrientationPortrait UIInterfaceOrientationLandscapeLeft";
				INFOPLIST_KEY_UISupportedInterfaceOrientations_iPad = "UIInterfaceOrientationPortrait UIInterfaceOrientationPortraitUpsideDown UIInterfaceOrientationLandscapeLeft UIInterfaceOrientationLandscapeRight";
				INFOPLIST_KEY_UISupportedInterfaceOrientations_iPhone = "UIInterfaceOrientationPortrait UIInterfaceOrientationLandscapeLeft UIInterfaceOrientationLandscapeRight";
				INFOPLIST_KEY_UIUserInterfaceStyle = Dark;
				IPHONEOS_DEPLOYMENT_TARGET = 14.1;
				LD_RUNPATH_SEARCH_PATHS = (
					"$(inherited)",
					"@executable_path/Frameworks",
				);
				MARKETING_VERSION = 0.1.2;
				PRODUCT_BUNDLE_IDENTIFIER = com.mwaibanda.WPRK;
				PRODUCT_NAME = WPRK;
				SWIFT_EMIT_LOC_STRINGS = YES;
				SWIFT_VERSION = 5.0;
				TARGETED_DEVICE_FAMILY = "1,2";
			};
			name = Release;
		};
/* End XCBuildConfiguration section */

/* Begin XCConfigurationList section */
		81721BDD27AE264F00C86F65 /* Build configuration list for PBXProject "WPRK-iOS" */ = {
			isa = XCConfigurationList;
			buildConfigurations = (
				81721BEE27AE265000C86F65 /* Debug */,
				81721BEF27AE265000C86F65 /* Release */,
			);
			defaultConfigurationIsVisible = 0;
			defaultConfigurationName = Release;
		};
		81721BF027AE265000C86F65 /* Build configuration list for PBXNativeTarget "WPRK-iOS" */ = {
			isa = XCConfigurationList;
			buildConfigurations = (
				81721BF127AE265000C86F65 /* Debug */,
				81721BF227AE265000C86F65 /* Release */,
			);
			defaultConfigurationIsVisible = 0;
			defaultConfigurationName = Release;
		};
/* End XCConfigurationList section */

/* Begin XCRemoteSwiftPackageReference section */
		81635F8027F65D6A00650F7D /* XCRemoteSwiftPackageReference "SDWebImageSwiftUI" */ = {
			isa = XCRemoteSwiftPackageReference;
			repositoryURL = "https://github.com/SDWebImage/SDWebImageSwiftUI.git";
			requirement = {
				branch = master;
				kind = branch;
			};
		};
		81721C4427AE273C00C86F65 /* XCRemoteSwiftPackageReference "lottie-ios" */ = {
			isa = XCRemoteSwiftPackageReference;
			repositoryURL = "https://github.com/airbnb/lottie-ios.git";
			requirement = {
				branch = master;
				kind = branch;
			};
		};
		81C9E37427C7F430000E7A06 /* XCRemoteSwiftPackageReference "firebase-ios-sdk" */ = {
			isa = XCRemoteSwiftPackageReference;
			repositoryURL = "https://github.com/firebase/firebase-ios-sdk";
			requirement = {
				branch = master;
				kind = branch;
			};
		};
/* End XCRemoteSwiftPackageReference section */

/* Begin XCSwiftPackageProductDependency section */
		81635F8127F65D6B00650F7D /* SDWebImageSwiftUI */ = {
			isa = XCSwiftPackageProductDependency;
			package = 81635F8027F65D6A00650F7D /* XCRemoteSwiftPackageReference "SDWebImageSwiftUI" */;
			productName = SDWebImageSwiftUI;
		};
		81721C4527AE273C00C86F65 /* Lottie */ = {
			isa = XCSwiftPackageProductDependency;
			package = 81721C4427AE273C00C86F65 /* XCRemoteSwiftPackageReference "lottie-ios" */;
			productName = Lottie;
		};
		81C9E37527C7F430000E7A06 /* FirebaseAnalytics */ = {
			isa = XCSwiftPackageProductDependency;
			package = 81C9E37427C7F430000E7A06 /* XCRemoteSwiftPackageReference "firebase-ios-sdk" */;
			productName = FirebaseAnalytics;
		};
		81C9E37727C7F430000E7A06 /* FirebaseAuth */ = {
			isa = XCSwiftPackageProductDependency;
			package = 81C9E37427C7F430000E7A06 /* XCRemoteSwiftPackageReference "firebase-ios-sdk" */;
			productName = FirebaseAuth;
		};
/* End XCSwiftPackageProductDependency section */
	};
	rootObject = 81721BDA27AE264F00C86F65 /* Project object */;
}
